
Microsoft Visual Studio Solution File, Format Version 12.00
# 
Project("{FAE04EC0-301F-11D3-BF4B-00C04F79EFBC}") = "MKata", "MKata\MKata.csproj", "{E58D95CB-C143-4B64-8B42-45D2B85EC31C}"
EndProject
Project("{FAE04EC0-301F-11D3-BF4B-00C04F79EFBC}") = "MKata.Test", "MKata.Test\MKata.Test.csproj", "{A8CFED6A-2184-444E-A5F8-B10EC62A78B0}"
EndProject
Global
	GlobalSection(SolutionConfigurationPlatforms) = preSolution
		Debug|Any CPU = Debug|Any CPU
		Release|Any CPU = Release|Any CPU
	EndGlobalSection
	GlobalSection(ProjectConfigurationPlatforms) = postSolution
		{E58D95CB-C143-4B64-8B42-45D2B85EC31C}.Debug|Any CPU.ActiveCfg = Debug|Any CPU
		{E58D95CB-C143-4B64-8B42-45D2B85EC31C}.Debug|Any CPU.Build.0 = Debug|Any CPU
		{E58D95CB-C143-4B64-8B42-45D2B85EC31C}.Release|Any CPU.ActiveCfg = Release|Any CPU
		{E58D95CB-C143-4B64-8B42-45D2B85EC31C}.Release|Any CPU.Build.0 = Release|Any CPU
		{A8CFED6A-2184-444E-A5F8-B10EC62A78B0}.Debug|Any CPU.ActiveCfg = Debug|Any CPU
		{A8CFED6A-2184-444E-A5F8-B10EC62A78B0}.Debug|Any CPU.Build.0 = Debug|Any CPU
		{A8CFED6A-2184-444E-A5F8-B10EC62A78B0}.Release|Any CPU.ActiveCfg = Release|Any CPU
		{A8CFED6A-2184-444E-A5F8-B10EC62A78B0}.Release|Any CPU.Build.0 = Release|Any CPU
	EndGlobalSection
EndGlobal
